
Microsoft Visual Studio Solution File, Format Version 12.00
# Visual Studio 15
VisualStudioVersion = 15.0.28307.1259
MinimumVisualStudioVersion = 10.0.40219.1
Project("{F184B08F-C81C-45F6-A57F-5ABD9991F28F}") = "mtExcel.Core", "src\mtExcel.Core\mtExcel.Core.vbproj", "{1281CC57-D41B-4EA8-B4C9-848686BFDEC9}"
EndProject
Project("{F184B08F-C81C-45F6-A57F-5ABD9991F28F}") = "WpfExcelSample", "WpfExcelSample\WpfExcelSample.vbproj", "{47516802-3ADB-430B-8681-6D1C3A3BC559}"
EndProject
Global
	GlobalSection(SolutionConfigurationPlatforms) = preSolution
		Debug|Any CPU = Debug|Any CPU
		Release|Any CPU = Release|Any CPU
	EndGlobalSection
	GlobalSection(ProjectConfigurationPlatforms) = postSolution
		{1281CC57-D41B-4EA8-B4C9-848686BFDEC9}.Debug|Any CPU.ActiveCfg = Debug|Any CPU
		{1281CC57-D41B-4EA8-B4C9-848686BFDEC9}.Debug|Any CPU.Build.0 = Debug|Any CPU
		{1281CC57-D41B-4EA8-B4C9-848686BFDEC9}.Release|Any CPU.ActiveCfg = Release|Any CPU
		{1281CC57-D41B-4EA8-B4C9-848686BFDEC9}.Release|Any CPU.Build.0 = Release|Any CPU
		{47516802-3ADB-430B-8681-6D1C3A3BC559}.Debug|Any CPU.ActiveCfg = Debug|Any CPU
		{47516802-3ADB-430B-8681-6D1C3A3BC559}.Debug|Any CPU.Build.0 = Debug|Any CPU
		{47516802-3ADB-430B-8681-6D1C3A3BC559}.Release|Any CPU.ActiveCfg = Release|Any CPU
		{47516802-3ADB-430B-8681-6D1C3A3BC559}.Release|Any CPU.Build.0 = Release|Any CPU
	EndGlobalSection
	GlobalSection(SolutionProperties) = preSolution
		HideSolutionNode = FALSE
	EndGlobalSection
	GlobalSection(ExtensibilityGlobals) = postSolution
		SolutionGuid = {7A5C1F8A-E645-4D6A-9852-3D08FC94F458}
	EndGlobalSection
EndGlobal
